// !$*UTF8*$!
{
	archiveVersion = 1;
	classes = {
	};
	objectVersion = 54;
	objects = {

/* Begin PBXBuildFile section */
		331A25AD247C6D8E009E5D35 /* AppDelegate.swift in Sources */ = {isa = PBXBuildFile; fileRef = 331A25AC247C6D8E009E5D35 /* AppDelegate.swift */; };
		331A25AF247C6D8E009E5D35 /* SceneDelegate.swift in Sources */ = {isa = PBXBuildFile; fileRef = 331A25AE247C6D8E009E5D35 /* SceneDelegate.swift */; };
		331A25B3247C6D91009E5D35 /* Assets.xcassets in Resources */ = {isa = PBXBuildFile; fileRef = 331A25B2247C6D91009E5D35 /* Assets.xcassets */; };
		331A25B6247C6D91009E5D35 /* Preview Assets.xcassets in Resources */ = {isa = PBXBuildFile; fileRef = 331A25B5247C6D91009E5D35 /* Preview Assets.xcassets */; };
		331A25B9247C6D91009E5D35 /* LaunchScreen.storyboard in Resources */ = {isa = PBXBuildFile; fileRef = 331A25B7247C6D91009E5D35 /* LaunchScreen.storyboard */; };
		331A25DD247C6DB1009E5D35 /* drinks.json in Resources */ = {isa = PBXBuildFile; fileRef = 331A25DC247C6DB1009E5D35 /* drinks.json */; };
		331A25E3247C6E1A009E5D35 /* Home.swift in Sources */ = {isa = PBXBuildFile; fileRef = 331A25E2247C6E1A009E5D35 /* Home.swift */; };
		331A25E8247C6E32009E5D35 /* Data.swift in Sources */ = {isa = PBXBuildFile; fileRef = 331A25E6247C6E32009E5D35 /* Data.swift */; };
		331A25E9247C6E32009E5D35 /* Drink.swift in Sources */ = {isa = PBXBuildFile; fileRef = 331A25E7247C6E32009E5D35 /* Drink.swift */; };
		331A25ED247C6E3E009E5D35 /* FoodItem.swift in Sources */ = {isa = PBXBuildFile; fileRef = 331A25EA247C6E3E009E5D35 /* FoodItem.swift */; };
		331A25EE247C6E3E009E5D35 /* Foodcolumn.swift in Sources */ = {isa = PBXBuildFile; fileRef = 331A25EC247C6E3E009E5D35 /* Foodcolumn.swift */; };
		331A25EF247C6E3E009E5D35 /* FoodDetail.swift in Sources */ = {isa = PBXBuildFile; fileRef = 331A25EB247C6E3E009E5D35 /* FoodDetail.swift */; };
/* End PBXBuildFile section */

/* Begin PBXContainerItemProxy section */
		331A25C0247C6D91009E5D35 /* PBXContainerItemProxy */ = {
			isa = PBXContainerItemProxy;
			containerPortal = 331A25A1247C6D8E009E5D35 /* Project object */;
			proxyType = 1;
			remoteGlobalIDString = 331A25A8247C6D8E009E5D35;
			remoteInfo = CoffeeDB;
		};
		331A25CB247C6D91009E5D35 /* PBXContainerItemProxy */ = {
			isa = PBXContainerItemProxy;
			containerPortal = 331A25A1247C6D8E009E5D35 /* Project object */;
			proxyType = 1;
			remoteGlobalIDString = 331A25A8247C6D8E009E5D35;
			remoteInfo = CoffeeDB;
		};
/* End PBXContainerItemProxy section */

/* Begin PBXFileReference section */
		331A25A9247C6D8E009E5D35 /* Snaxxa.app */ = {isa = PBXFileReference; explicitFileType = wrapper.application; includeInIndex = 0; path = Snaxxa.app; sourceTree = BUILT_PRODUCTS_DIR; };
		331A25AC247C6D8E009E5D35 /* AppDelegate.swift */ = {isa = PBXFileReference; lastKnownFileType = sourcecode.swift; path = AppDelegate.swift; sourceTree = "<group>"; };
		331A25AE247C6D8E009E5D35 /* SceneDelegate.swift */ = {isa = PBXFileReference; lastKnownFileType = sourcecode.swift; path = SceneDelegate.swift; sourceTree = "<group>"; };
		331A25B2247C6D91009E5D35 /* Assets.xcassets */ = {isa = PBXFileReference; lastKnownFileType = folder.assetcatalog; path = Assets.xcassets; sourceTree = "<group>"; };
		331A25B5247C6D91009E5D35 /* Preview Assets.xcassets */ = {isa = PBXFileReference; lastKnownFileType = folder.assetcatalog; path = "Preview Assets.xcassets"; sourceTree = "<group>"; };
		331A25B8247C6D91009E5D35 /* Base */ = {isa = PBXFileReference; lastKnownFileType = file.storyboard; name = Base; path = Base.lproj/LaunchScreen.storyboard; sourceTree = "<group>"; };
		331A25BA247C6D91009E5D35 /* Info.plist */ = {isa = PBXFileReference; lastKnownFileType = text.plist.xml; path = Info.plist; sourceTree = "<group>"; };
		331A25BF247C6D91009E5D35 /* SnaxxaTests.xctest */ = {isa = PBXFileReference; explicitFileType = wrapper.cfbundle; includeInIndex = 0; path = SnaxxaTests.xctest; sourceTree = BUILT_PRODUCTS_DIR; };
		331A25CA247C6D91009E5D35 /* SnaxxaUITests.xctest */ = {isa = PBXFileReference; explicitFileType = wrapper.cfbundle; includeInIndex = 0; path = SnaxxaUITests.xctest; sourceTree = BUILT_PRODUCTS_DIR; };
		331A25DC247C6DB1009E5D35 /* drinks.json */ = {isa = PBXFileReference; fileEncoding = 4; lastKnownFileType = text.json; path = drinks.json; sourceTree = "<group>"; };
		331A25E2247C6E1A009E5D35 /* Home.swift */ = {isa = PBXFileReference; lastKnownFileType = sourcecode.swift; path = Home.swift; sourceTree = "<group>"; };
		331A25E6247C6E32009E5D35 /* Data.swift */ = {isa = PBXFileReference; lastKnownFileType = sourcecode.swift; path = Data.swift; sourceTree = "<group>"; };
		331A25E7247C6E32009E5D35 /* Drink.swift */ = {isa = PBXFileReference; lastKnownFileType = sourcecode.swift; path = Drink.swift; sourceTree = "<group>"; };
		331A25EA247C6E3E009E5D35 /* FoodItem.swift */ = {isa = PBXFileReference; lastKnownFileType = sourcecode.swift; path = FoodItem.swift; sourceTree = "<group>"; };
		331A25EB247C6E3E009E5D35 /* FoodDetail.swift */ = {isa = PBXFileReference; lastKnownFileType = sourcecode.swift; path = FoodDetail.swift; sourceTree = "<group>"; };
		331A25EC247C6E3E009E5D35 /* Foodcolumn.swift */ = {isa = PBXFileReference; lastKnownFileType = sourcecode.swift; path = Foodcolumn.swift; sourceTree = "<group>"; };
/* End PBXFileReference section */

/* Begin PBXFrameworksBuildPhase section */
		331A25A6247C6D8E009E5D35 /* Frameworks */ = {
			isa = PBXFrameworksBuildPhase;
			buildActionMask = 2147483647;
			files = (
			);
			runOnlyForDeploymentPostprocessing = 0;
		};
		331A25BC247C6D91009E5D35 /* Frameworks */ = {
			isa = PBXFrameworksBuildPhase;
			buildActionMask = 2147483647;
			files = (
			);
			runOnlyForDeploymentPostprocessing = 0;
		};
		331A25C7247C6D91009E5D35 /* Frameworks */ = {
			isa = PBXFrameworksBuildPhase;
			buildActionMask = 2147483647;
			files = (
			);
			runOnlyForDeploymentPostprocessing = 0;
		};
/* End PBXFrameworksBuildPhase section */

/* Begin PBXGroup section */
		331A25A0247C6D8E009E5D35 = {
			isa = PBXGroup;
			children = (
				331A25AB247C6D8E009E5D35 /* CoffeeDB */,
				331A25AA247C6D8E009E5D35 /* Products */,
			);
			sourceTree = "<group>";
		};
		331A25AA247C6D8E009E5D35 /* Products */ = {
			isa = PBXGroup;
			children = (
				331A25A9247C6D8E009E5D35 /* Snaxxa.app */,
				331A25BF247C6D91009E5D35 /* SnaxxaTests.xctest */,
				331A25CA247C6D91009E5D35 /* SnaxxaUITests.xctest */,
			);
			name = Products;
			sourceTree = "<group>";
		};
		331A25AB247C6D8E009E5D35 /* CoffeeDB */ = {
			isa = PBXGroup;
			children = (
				331A25AC247C6D8E009E5D35 /* AppDelegate.swift */,
				331A25AE247C6D8E009E5D35 /* SceneDelegate.swift */,
				331A25F0247C7025009E5D35 /* Views */,
				331A25F1247C704D009E5D35 /* Models */,
				331A25B2247C6D91009E5D35 /* Assets.xcassets */,
				331A25B7247C6D91009E5D35 /* LaunchScreen.storyboard */,
				331A25BA247C6D91009E5D35 /* Info.plist */,
				331A25DC247C6DB1009E5D35 /* drinks.json */,
				331A25B4247C6D91009E5D35 /* Preview Content */,
			);
			path = CoffeeDB;
			sourceTree = "<group>";
		};
		331A25B4247C6D91009E5D35 /* Preview Content */ = {
			isa = PBXGroup;
			children = (
				331A25B5247C6D91009E5D35 /* Preview Assets.xcassets */,
			);
			path = "Preview Content";
			sourceTree = "<group>";
		};
		331A25F0247C7025009E5D35 /* Views */ = {
			isa = PBXGroup;
			children = (
				331A25E2247C6E1A009E5D35 /* Home.swift */,
				331A25EB247C6E3E009E5D35 /* FoodDetail.swift */,
				331A25EA247C6E3E009E5D35 /* FoodItem.swift */,
				331A25EC247C6E3E009E5D35 /* Foodcolumn.swift */,
			);
			path = Views;
			sourceTree = "<group>";
		};
		331A25F1247C704D009E5D35 /* Models */ = {
			isa = PBXGroup;
			children = (
				331A25E6247C6E32009E5D35 /* Data.swift */,
				331A25E7247C6E32009E5D35 /* Drink.swift */,
			);
			path = Models;
			sourceTree = "<group>";
		};
/* End PBXGroup section */

/* Begin PBXNativeTarget section */
		331A25A8247C6D8E009E5D35 /* Snaxxa */ = {
			isa = PBXNativeTarget;
			buildConfigurationList = 331A25D3247C6D91009E5D35 /* Build configuration list for PBXNativeTarget "Snaxxa" */;
			buildPhases = (
				331A25A5247C6D8E009E5D35 /* Sources */,
				331A25A6247C6D8E009E5D35 /* Frameworks */,
				331A25A7247C6D8E009E5D35 /* Resources */,
			);
			buildRules = (
			);
			dependencies = (
			);
			name = Snaxxa;
			productName = CoffeeDB;
			productReference = 331A25A9247C6D8E009E5D35 /* Snaxxa.app */;
			productType = "com.apple.product-type.application";
		};
		331A25BE247C6D91009E5D35 /* SnaxxaTests */ = {
			isa = PBXNativeTarget;
			buildConfigurationList = 331A25D6247C6D91009E5D35 /* Build configuration list for PBXNativeTarget "SnaxxaTests" */;
			buildPhases = (
				331A25BB247C6D91009E5D35 /* Sources */,
				331A25BC247C6D91009E5D35 /* Frameworks */,
				331A25BD247C6D91009E5D35 /* Resources */,
			);
			buildRules = (
			);
			dependencies = (
				331A25C1247C6D91009E5D35 /* PBXTargetDependency */,
			);
			name = SnaxxaTests;
			productName = CoffeeDBTests;
			productReference = 331A25BF247C6D91009E5D35 /* SnaxxaTests.xctest */;
			productType = "com.apple.product-type.bundle.unit-test";
		};
		331A25C9247C6D91009E5D35 /* SnaxxaUITests */ = {
			isa = PBXNativeTarget;
			buildConfigurationList = 331A25D9247C6D91009E5D35 /* Build configuration list for PBXNativeTarget "SnaxxaUITests" */;
			buildPhases = (
				331A25C6247C6D91009E5D35 /* Sources */,
				331A25C7247C6D91009E5D35 /* Frameworks */,
				331A25C8247C6D91009E5D35 /* Resources */,
			);
			buildRules = (
			);
			dependencies = (
				331A25CC247C6D91009E5D35 /* PBXTargetDependency */,
			);
			name = SnaxxaUITests;
			productName = CoffeeDBUITests;
			productReference = 331A25CA247C6D91009E5D35 /* SnaxxaUITests.xctest */;
			productType = "com.apple.product-type.bundle.ui-testing";
		};
/* End PBXNativeTarget section */

/* Begin PBXProject section */
		331A25A1247C6D8E009E5D35 /* Project object */ = {
			isa = PBXProject;
			attributes = {
				LastSwiftUpdateCheck = 1140;
				LastUpgradeCheck = 1140;
				ORGANIZATIONNAME = "";
				TargetAttributes = {
					331A25A8247C6D8E009E5D35 = {
						CreatedOnToolsVersion = 11.4.1;
					};
					331A25BE247C6D91009E5D35 = {
						CreatedOnToolsVersion = 11.4.1;
						TestTargetID = 331A25A8247C6D8E009E5D35;
					};
					331A25C9247C6D91009E5D35 = {
						CreatedOnToolsVersion = 11.4.1;
						TestTargetID = 331A25A8247C6D8E009E5D35;
					};
				};
			};
			buildConfigurationList = 331A25A4247C6D8E009E5D35 /* Build configuration list for PBXProject "Snaxxa" */;
			compatibilityVersion = "Xcode 12.0";
			developmentRegion = en;
			hasScannedForEncodings = 0;
			knownRegions = (
				en,
				Base,
			);
			mainGroup = 331A25A0247C6D8E009E5D35;
			productRefGroup = 331A25AA247C6D8E009E5D35 /* Products */;
			projectDirPath = "";
			projectRoot = "";
			targets = (
				331A25A8247C6D8E009E5D35 /* Snaxxa */,
				331A25BE247C6D91009E5D35 /* SnaxxaTests */,
				331A25C9247C6D91009E5D35 /* SnaxxaUITests */,
			);
		};
/* End PBXProject section */

/* Begin PBXResourcesBuildPhase section */
		331A25A7247C6D8E009E5D35 /* Resources */ = {
			isa = PBXResourcesBuildPhase;
			buildActionMask = 2147483647;
			files = (
				331A25B9247C6D91009E5D35 /* LaunchScreen.storyboard in Resources */,
				331A25B6247C6D91009E5D35 /* Preview Assets.xcassets in Resources */,
				331A25DD247C6DB1009E5D35 /* drinks.json in Resources */,
				331A25B3247C6D91009E5D35 /* Assets.xcassets in Resources */,
			);
			runOnlyForDeploymentPostprocessing = 0;
		};
		331A25BD247C6D91009E5D35 /* Resources */ = {
			isa = PBXResourcesBuildPhase;
			buildActionMask = 2147483647;
			files = (
			);
			runOnlyForDeploymentPostprocessing = 0;
		};
		331A25C8247C6D91009E5D35 /* Resources */ = {
			isa = PBXResourcesBuildPhase;
			buildActionMask = 2147483647;
			files = (
			);
			runOnlyForDeploymentPostprocessing = 0;
		};
/* End PBXResourcesBuildPhase section */

/* Begin PBXSourcesBuildPhase section */
		331A25A5247C6D8E009E5D35 /* Sources */ = {
			isa = PBXSourcesBuildPhase;
			buildActionMask = 2147483647;
			files = (
				331A25AD247C6D8E009E5D35 /* AppDelegate.swift in Sources */,
				331A25E3247C6E1A009E5D35 /* Home.swift in Sources */,
				331A25EE247C6E3E009E5D35 /* Foodcolumn.swift in Sources */,
				331A25AF247C6D8E009E5D35 /* SceneDelegate.swift in Sources */,
				331A25E9247C6E32009E5D35 /* Drink.swift in Sources */,
				331A25E8247C6E32009E5D35 /* Data.swift in Sources */,
				331A25ED247C6E3E009E5D35 /* FoodItem.swift in Sources */,
				331A25EF247C6E3E009E5D35 /* FoodDetail.swift in Sources */,
			);
			runOnlyForDeploymentPostprocessing = 0;
		};
		331A25BB247C6D91009E5D35 /* Sources */ = {
			isa = PBXSourcesBuildPhase;
			buildActionMask = 2147483647;
			files = (
			);
			runOnlyForDeploymentPostprocessing = 0;
		};
		331A25C6247C6D91009E5D35 /* Sources */ = {
			isa = PBXSourcesBuildPhase;
			buildActionMask = 2147483647;
			files = (
			);
			runOnlyForDeploymentPostprocessing = 0;
		};
/* End PBXSourcesBuildPhase section */

/* Begin PBXTargetDependency section */
		331A25C1247C6D91009E5D35 /* PBXTargetDependency */ = {
			isa = PBXTargetDependency;
			target = 331A25A8247C6D8E009E5D35 /* Snaxxa */;
			targetProxy = 331A25C0247C6D91009E5D35 /* PBXContainerItemProxy */;
		};
		331A25CC247C6D91009E5D35 /* PBXTargetDependency */ = {
			isa = PBXTargetDependency;
			target = 331A25A8247C6D8E009E5D35 /* Snaxxa */;
			targetProxy = 331A25CB247C6D91009E5D35 /* PBXContainerItemProxy */;
		};
/* End PBXTargetDependency section */

/* Begin PBXVariantGroup section */
		331A25B7247C6D91009E5D35 /* LaunchScreen.storyboard */ = {
			isa = PBXVariantGroup;
			children = (
				331A25B8247C6D91009E5D35 /* Base */,
			);
			name = LaunchScreen.storyboard;
			sourceTree = "<group>";
		};
/* End PBXVariantGroup section */

/* Begin XCBuildConfiguration section */
		331A25D1247C6D91009E5D35 /* Debug */ = {
			isa = XCBuildConfiguration;
			buildSettings = {
				ALWAYS_SEARCH_USER_PATHS = NO;
				CLANG_ANALYZER_NONNULL = YES;
				CLANG_ANALYZER_NUMBER_OBJECT_CONVERSION = YES_AGGRESSIVE;
				CLANG_CXX_LANGUAGE_STANDARD = "gnu++14";
				CLANG_CXX_LIBRARY = "libc++";
				CLANG_ENABLE_MODULES = YES;
				CLANG_ENABLE_OBJC_ARC = YES;
				CLANG_ENABLE_OBJC_WEAK = YES;
				CLANG_WARN_BLOCK_CAPTURE_AUTORELEASING = YES;
				CLANG_WARN_BOOL_CONVERSION = YES;
				CLANG_WARN_COMMA = YES;
				CLANG_WARN_CONSTANT_CONVERSION = YES;
				CLANG_WARN_DEPRECATED_OBJC_IMPLEMENTATIONS = YES;
				CLANG_WARN_DIRECT_OBJC_ISA_USAGE = YES_ERROR;
				CLANG_WARN_DOCUMENTATION_COMMENTS = YES;
				CLANG_WARN_EMPTY_BODY = YES;
				CLANG_WARN_ENUM_CONVERSION = YES;
				CLANG_WARN_INFINITE_RECURSION = YES;
				CLANG_WARN_INT_CONVERSION = YES;
				CLANG_WARN_NON_LITERAL_NULL_CONVERSION = YES;
				CLANG_WARN_OBJC_IMPLICIT_RETAIN_SELF = YES;
				CLANG_WARN_OBJC_LITERAL_CONVERSION = YES;
				CLANG_WARN_OBJC_ROOT_CLASS = YES_ERROR;
				CLANG_WARN_RANGE_LOOP_ANALYSIS = YES;
				CLANG_WARN_STRICT_PROTOTYPES = YES;
				CLANG_WARN_SUSPICIOUS_MOVE = YES;
				CLANG_WARN_UNGUARDED_AVAILABILITY = YES_AGGRESSIVE;
				CLANG_WARN_UNREACHABLE_CODE = YES;
				CLANG_WARN__DUPLICATE_METHOD_MATCH = YES;
				COPY_PHASE_STRIP = NO;
				DEBUG_INFORMATION_FORMAT = dwarf;
				ENABLE_STRICT_OBJC_MSGSEND = YES;
				ENABLE_TESTABILITY = YES;
				GCC_C_LANGUAGE_STANDARD = gnu11;
				GCC_DYNAMIC_NO_PIC = NO;
				GCC_NO_COMMON_BLOCKS = YES;
				GCC_OPTIMIZATION_LEVEL = 0;
				GCC_PREPROCESSOR_DEFINITIONS = (
					"DEBUG=1",
					"$(inherited)",
				);
				GCC_WARN_64_TO_32_BIT_CONVERSION = YES;
				GCC_WARN_ABOUT_RETURN_TYPE = YES_ERROR;
				GCC_WARN_UNDECLARED_SELECTOR = YES;
				GCC_WARN_UNINITIALIZED_AUTOS = YES_AGGRESSIVE;
				GCC_WARN_UNUSED_FUNCTION = YES;
				GCC_WARN_UNUSED_VARIABLE = YES;
				IPHONEOS_DEPLOYMENT_TARGET = 14.4;
				MTL_ENABLE_DEBUG_INFO = INCLUDE_SOURCE;
				MTL_FAST_MATH = YES;
				ONLY_ACTIVE_ARCH = YES;
				SDKROOT = iphoneos;
				SWIFT_ACTIVE_COMPILATION_CONDITIONS = DEBUG;
				SWIFT_OPTIMIZATION_LEVEL = "-Onone";
			};
			name = Debug;
		};
		331A25D2247C6D91009E5D35 /* Release */ = {
			isa = XCBuildConfiguration;
			buildSettings = {
				ALWAYS_SEARCH_USER_PATHS = NO;
				CLANG_ANALYZER_NONNULL = YES;
				CLANG_ANALYZER_NUMBER_OBJECT_CONVERSION = YES_AGGRESSIVE;
				CLANG_CXX_LANGUAGE_STANDARD = "gnu++14";
				CLANG_CXX_LIBRARY = "libc++";
				CLANG_ENABLE_MODULES = YES;
				CLANG_ENABLE_OBJC_ARC = YES;
				CLANG_ENABLE_OBJC_WEAK = YES;
				CLANG_WARN_BLOCK_CAPTURE_AUTORELEASING = YES;
				CLANG_WARN_BOOL_CONVERSION = YES;
				CLANG_WARN_COMMA = YES;
				CLANG_WARN_CONSTANT_CONVERSION = YES;
				CLANG_WARN_DEPRECATED_OBJC_IMPLEMENTATIONS = YES;
				CLANG_WARN_DIRECT_OBJC_ISA_USAGE = YES_ERROR;
				CLANG_WARN_DOCUMENTATION_COMMENTS = YES;
				CLANG_WARN_EMPTY_BODY = YES;
				CLANG_WARN_ENUM_CONVERSION = YES;
				CLANG_WARN_INFINITE_RECURSION = YES;
				CLANG_WARN_INT_CONVERSION = YES;
				CLANG_WARN_NON_LITERAL_NULL_CONVERSION = YES;
				CLANG_WARN_OBJC_IMPLICIT_RETAIN_SELF = YES;
				CLANG_WARN_OBJC_LITERAL_CONVERSION = YES;
				CLANG_WARN_OBJC_ROOT_CLASS = YES_ERROR;
				CLANG_WARN_RANGE_LOOP_ANALYSIS = YES;
				CLANG_WARN_STRICT_PROTOTYPES = YES;
				CLANG_WARN_SUSPICIOUS_MOVE = YES;
				CLANG_WARN_UNGUARDED_AVAILABILITY = YES_AGGRESSIVE;
				CLANG_WARN_UNREACHABLE_CODE = YES;
				CLANG_WARN__DUPLICATE_METHOD_MATCH = YES;
				COPY_PHASE_STRIP = NO;
				DEBUG_INFORMATION_FORMAT = "dwarf-with-dsym";
				ENABLE_NS_ASSERTIONS = NO;
				ENABLE_STRICT_OBJC_MSGSEND = YES;
				GCC_C_LANGUAGE_STANDARD = gnu11;
				GCC_NO_COMMON_BLOCKS = YES;
				GCC_WARN_64_TO_32_BIT_CONVERSION = YES;
				GCC_WARN_ABOUT_RETURN_TYPE = YES_ERROR;
				GCC_WARN_UNDECLARED_SELECTOR = YES;
				GCC_WARN_UNINITIALIZED_AUTOS = YES_AGGRESSIVE;
				GCC_WARN_UNUSED_FUNCTION = YES;
				GCC_WARN_UNUSED_VARIABLE = YES;
				IPHONEOS_DEPLOYMENT_TARGET = 14.4;
				MTL_ENABLE_DEBUG_INFO = NO;
				MTL_FAST_MATH = YES;
				SDKROOT = iphoneos;
				SWIFT_COMPILATION_MODE = wholemodule;
				SWIFT_OPTIMIZATION_LEVEL = "-O";
				VALIDATE_PRODUCT = YES;
			};
			name = Release;
		};
		331A25D4247C6D91009E5D35 /* Debug */ = {
			isa = XCBuildConfiguration;
			buildSettings = {
				ASSETCATALOG_COMPILER_APPICON_NAME = AppIcon;
				CODE_SIGN_IDENTITY = "Apple Development";
				CODE_SIGN_STYLE = Automatic;
				CURRENT_PROJECT_VERSION = 3;
				DEVELOPMENT_ASSET_PATHS = "\"CoffeeDB/Preview Content\"";
				DEVELOPMENT_TEAM = V789BR85VV;
				ENABLE_PREVIEWS = YES;
				INFOPLIST_FILE = CoffeeDB/Info.plist;
				IPHONEOS_DEPLOYMENT_TARGET = 13.0;
				LD_RUNPATH_SEARCH_PATHS = (
					"$(inherited)",
					"@executable_path/Frameworks",
				);
				PRODUCT_BUNDLE_IDENTIFIER = com.fujiawang.snaxxa;
				PRODUCT_NAME = "$(TARGET_NAME)";
				PROVISIONING_PROFILE_SPECIFIER = "";
				SWIFT_VERSION = 5.0;
				TARGETED_DEVICE_FAMILY = "1,2";
			};
			name = Debug;
		};
		331A25D5247C6D91009E5D35 /* Release */ = {
			isa = XCBuildConfiguration;
			buildSettings = {
				ASSETCATALOG_COMPILER_APPICON_NAME = AppIcon;
				CODE_SIGN_IDENTITY = "Apple Development";
				CODE_SIGN_STYLE = Automatic;
				CURRENT_PROJECT_VERSION = 3;
				DEVELOPMENT_ASSET_PATHS = "\"CoffeeDB/Preview Content\"";
				DEVELOPMENT_TEAM = V789BR85VV;
				ENABLE_PREVIEWS = YES;
				INFOPLIST_FILE = CoffeeDB/Info.plist;
				IPHONEOS_DEPLOYMENT_TARGET = 13.0;
				LD_RUNPATH_SEARCH_PATHS = (
					"$(inherited)",
					"@executable_path/Frameworks",
				);
				PRODUCT_BUNDLE_IDENTIFIER = com.fujiawang.snaxxa;
				PRODUCT_NAME = "$(TARGET_NAME)";
				PROVISIONING_PROFILE_SPECIFIER = "";
				SWIFT_VERSION = 5.0;
				TARGETED_DEVICE_FAMILY = "1,2";
			};
			name = Release;
		};
		331A25D7247C6D91009E5D35 /* Debug */ = {
			isa = XCBuildConfiguration;
			buildSettings = {
				ALWAYS_EMBED_SWIFT_STANDARD_LIBRARIES = YES;
				BUNDLE_LOADER = "$(TEST_HOST)";
				CODE_SIGN_STYLE = Automatic;
				DEVELOPMENT_TEAM = PB9F32TW77;
				INFOPLIST_FILE = CoffeeDBTests/Info.plist;
				IPHONEOS_DEPLOYMENT_TARGET = 13.4;
				LD_RUNPATH_SEARCH_PATHS = (
					"$(inherited)",
					"@executable_path/Frameworks",
					"@loader_path/Frameworks",
				);
				PRODUCT_BUNDLE_IDENTIFIER = DavidKubik.CoffeeDBTests;
				PRODUCT_NAME = "$(TARGET_NAME)";
				SWIFT_VERSION = 5.0;
				TARGETED_DEVICE_FAMILY = "1,2";
				TEST_HOST = "$(BUILT_PRODUCTS_DIR)/Snaxxa.app/Snaxxa";
			};
			name = Debug;
		};
		331A25D8247C6D91009E5D35 /* Release */ = {
			isa = XCBuildConfiguration;
			buildSettings = {
				ALWAYS_EMBED_SWIFT_STANDARD_LIBRARIES = YES;
				BUNDLE_LOADER = "$(TEST_HOST)";
				CODE_SIGN_STYLE = Automatic;
				DEVELOPMENT_TEAM = PB9F32TW77;
				INFOPLIST_FILE = CoffeeDBTests/Info.plist;
				IPHONEOS_DEPLOYMENT_TARGET = 13.4;
				LD_RUNPATH_SEARCH_PATHS = (
					"$(inherited)",
					"@executable_path/Frameworks",
					"@loader_path/Frameworks",
				);
				PRODUCT_BUNDLE_IDENTIFIER = DavidKubik.CoffeeDBTests;
				PRODUCT_NAME = "$(TARGET_NAME)";
				SWIFT_VERSION = 5.0;
				TARGETED_DEVICE_FAMILY = "1,2";
				TEST_HOST = "$(BUILT_PRODUCTS_DIR)/Snaxxa.app/Snaxxa";
			};
			name = Release;
		};
		331A25DA247C6D91009E5D35 /* Debug */ = {
			isa = XCBuildConfiguration;
			buildSettings = {
				ALWAYS_EMBED_SWIFT_STANDARD_LIBRARIES = YES;
				CODE_SIGN_STYLE = Automatic;
				DEVELOPMENT_TEAM = PB9F32TW77;
				INFOPLIST_FILE = CoffeeDBUITests/Info.plist;
				LD_RUNPATH_SEARCH_PATHS = (
					"$(inherited)",
					"@executable_path/Frameworks",
					"@loader_path/Frameworks",
				);
				PRODUCT_BUNDLE_IDENTIFIER = DavidKubik.CoffeeDBUITests;
				PRODUCT_NAME = "$(TARGET_NAME)";
				SWIFT_VERSION = 5.0;
				TARGETED_DEVICE_FAMILY = "1,2";
				TEST_TARGET_NAME = CoffeeDB;
			};
			name = Debug;
		};
		331A25DB247C6D91009E5D35 /* Release */ = {
			isa = XCBuildConfiguration;
			buildSettings = {
				ALWAYS_EMBED_SWIFT_STANDARD_LIBRARIES = YES;
				CODE_SIGN_STYLE = Automatic;
				DEVELOPMENT_TEAM = PB9F32TW77;
				INFOPLIST_FILE = CoffeeDBUITests/Info.plist;
				LD_RUNPATH_SEARCH_PATHS = (
					"$(inherited)",
					"@executable_path/Frameworks",
					"@loader_path/Frameworks",
				);
				PRODUCT_BUNDLE_IDENTIFIER = DavidKubik.CoffeeDBUITests;
				PRODUCT_NAME = "$(TARGET_NAME)";
				SWIFT_VERSION = 5.0;
				TARGETED_DEVICE_FAMILY = "1,2";
				TEST_TARGET_NAME = CoffeeDB;
			};
			name = Release;
		};
/* End XCBuildConfiguration section */

/* Begin XCConfigurationList section */
		331A25A4247C6D8E009E5D35 /* Build configuration list for PBXProject "Snaxxa" */ = {
			isa = XCConfigurationList;
			buildConfigurations = (
				331A25D1247C6D91009E5D35 /* Debug */,
				331A25D2247C6D91009E5D35 /* Release */,
			);
			defaultConfigurationIsVisible = 0;
			defaultConfigurationName = Release;
		};
		331A25D3247C6D91009E5D35 /* Build configuration list for PBXNativeTarget "Snaxxa" */ = {
			isa = XCConfigurationList;
			buildConfigurations = (
				331A25D4247C6D91009E5D35 /* Debug */,
				331A25D5247C6D91009E5D35 /* Release */,
			);
			defaultConfigurationIsVisible = 0;
			defaultConfigurationName = Release;
		};
		331A25D6247C6D91009E5D35 /* Build configuration list for PBXNativeTarget "SnaxxaTests" */ = {
			isa = XCConfigurationList;
			buildConfigurations = (
				331A25D7247C6D91009E5D35 /* Debug */,
				331A25D8247C6D91009E5D35 /* Release */,
			);
			defaultConfigurationIsVisible = 0;
			defaultConfigurationName = Release;
		};
		331A25D9247C6D91009E5D35 /* Build configuration list for PBXNativeTarget "SnaxxaUITests" */ = {
			isa = XCConfigurationList;
			buildConfigurations = (
				331A25DA247C6D91009E5D35 /* Debug */,
				331A25DB247C6D91009E5D35 /* Release */,
			);
			defaultConfigurationIsVisible = 0;
			defaultConfigurationName = Release;
		};
/* End XCConfigurationList section */
	};
	rootObject = 331A25A1247C6D8E009E5D35 /* Project object */;
}
